
Microsoft Visual Studio Solution File, Format Version 12.00
# Visual Studio Version 16
VisualStudioVersion = 16.0.30523.141
MinimumVisualStudioVersion = 10.0.40219.1
Project("{FAE04EC0-301F-11D3-BF4B-00C04F79EFBC}") = "DiaryWPF", "DiaryWPF.csproj", "{5290F62A-7E8C-48F6-828C-6A9001DE8942}"
EndProject
Global
	GlobalSection(SolutionConfigurationPlatforms) = preSolution
		Debug|Any CPU = Debug|Any CPU
		Release|Any CPU = Release|Any CPU
	EndGlobalSection
	GlobalSection(ProjectConfigurationPlatforms) = postSolution
		{5290F62A-7E8C-48F6-828C-6A9001DE8942}.Debug|Any CPU.ActiveCfg = Debug|Any CPU
		{5290F62A-7E8C-48F6-828C-6A9001DE8942}.Debug|Any CPU.Build.0 = Debug|Any CPU
		{5290F62A-7E8C-48F6-828C-6A9001DE8942}.Release|Any CPU.ActiveCfg = Release|Any CPU
		{5290F62A-7E8C-48F6-828C-6A9001DE8942}.Release|Any CPU.Build.0 = Release|Any CPU
	EndGlobalSection
	GlobalSection(SolutionProperties) = preSolution
		HideSolutionNode = FALSE
	EndGlobalSection
	GlobalSection(ExtensibilityGlobals) = postSolution
		SolutionGuid = {626943FA-D35F-436E-B933-D180F0884FC2}
	EndGlobalSection
EndGlobal
